{
  "requires": true,
  "lockfileVersion": 1,
  "dependencies": {
    "v-tap": {
      "version": "3.0.3",
      "resolved": "https://registry.npmjs.org/v-tap/-/v-tap-3.0.3.tgz",
      "integrity": "sha512-xT8fEl9uY/h1b76KgyA5tJAgRV4n1jfmM8Y/kiBDFiAd1u3z6Qaak4bYNHvSquOE7HPj6BVGBmFZe4VOP15iOA=="
    }
  }
}
